
Microsoft Visual Studio Solution File, Format Version 12.00
# Visual Studio Version 17
VisualStudioVersion = 17.8.34330.188
MinimumVisualStudioVersion = 10.0.40219.1
Project("{9A19103F-16F7-4668-BE54-9A1E7A4F7556}") = "Subastas", "Subastas\Subastas.csproj", "{556F425B-96C1-4F46-9095-8C6005F7F894}"
EndProject
Project("{9A19103F-16F7-4668-BE54-9A1E7A4F7556}") = "Subastas.Database", "Subastas.DAL\Subastas.Database.csproj", "{D83F0304-E82B-49A2-8428-0EB0C2EDD665}"
EndProject
Project("{FAE04EC0-301F-11D3-BF4B-00C04F79EFBC}") = "Subastas.Repositories", "Subastas.Repositories\Subastas.Repositories.csproj", "{2524BA75-D454-4243-9620-0DF95FD24211}"
EndProject
Project("{FAE04EC0-301F-11D3-BF4B-00C04F79EFBC}") = "Subastas.Test", "Subastas.Test\Subastas.Test.csproj", "{979962F1-3780-4F9C-8354-D63C8FE43AC2}"
EndProject
Project("{FAE04EC0-301F-11D3-BF4B-00C04F79EFBC}") = "Subastas.Services", "Subastas.BAL\Subastas.Services.csproj", "{86D8C29E-FB74-485A-9BBC-660825C558DB}"
EndProject
Project("{2150E333-8FDC-42A3-9474-1A3956D46DE8}") = "Libs", "Libs", "{2BA96821-8D66-4F67-A8DB-81F9DFBF9735}"
EndProject
Project("{2150E333-8FDC-42A3-9474-1A3956D46DE8}") = "Test", "Test", "{28BFEFA3-304C-440B-8548-EC882EC9FC26}"
EndProject
Project("{FAE04EC0-301F-11D3-BF4B-00C04F79EFBC}") = "Subastas.Interfaces", "Subastas.Interfaces\Subastas.Interfaces.csproj", "{DD478FD9-0316-44DF-AA79-6202C6AD0E4D}"
EndProject
Project("{FAE04EC0-301F-11D3-BF4B-00C04F79EFBC}") = "Subastas.Domain", "Subastas.Domain\Subastas.Domain.csproj", "{36E26A29-B5CC-469A-9731-A49DE3CE4490}"
EndProject
Project("{FAE04EC0-301F-11D3-BF4B-00C04F79EFBC}") = "Subastas.Dto", "Subastas.Dto\Subastas.Dto.csproj", "{C44A7269-5E49-4FD4-8D92-83E7FFEB804C}"
EndProject
Global
	GlobalSection(SolutionConfigurationPlatforms) = preSolution
		Debug|Any CPU = Debug|Any CPU
		Release|Any CPU = Release|Any CPU
	EndGlobalSection
	GlobalSection(ProjectConfigurationPlatforms) = postSolution
		{556F425B-96C1-4F46-9095-8C6005F7F894}.Debug|Any CPU.ActiveCfg = Debug|Any CPU
		{556F425B-96C1-4F46-9095-8C6005F7F894}.Debug|Any CPU.Build.0 = Debug|Any CPU
		{556F425B-96C1-4F46-9095-8C6005F7F894}.Release|Any CPU.ActiveCfg = Release|Any CPU
		{556F425B-96C1-4F46-9095-8C6005F7F894}.Release|Any CPU.Build.0 = Release|Any CPU
		{D83F0304-E82B-49A2-8428-0EB0C2EDD665}.Debug|Any CPU.ActiveCfg = Debug|Any CPU
		{D83F0304-E82B-49A2-8428-0EB0C2EDD665}.Debug|Any CPU.Build.0 = Debug|Any CPU
		{D83F0304-E82B-49A2-8428-0EB0C2EDD665}.Release|Any CPU.ActiveCfg = Release|Any CPU
		{D83F0304-E82B-49A2-8428-0EB0C2EDD665}.Release|Any CPU.Build.0 = Release|Any CPU
		{2524BA75-D454-4243-9620-0DF95FD24211}.Debug|Any CPU.ActiveCfg = Debug|Any CPU
		{2524BA75-D454-4243-9620-0DF95FD24211}.Debug|Any CPU.Build.0 = Debug|Any CPU
		{2524BA75-D454-4243-9620-0DF95FD24211}.Release|Any CPU.ActiveCfg = Release|Any CPU
		{2524BA75-D454-4243-9620-0DF95FD24211}.Release|Any CPU.Build.0 = Release|Any CPU
		{979962F1-3780-4F9C-8354-D63C8FE43AC2}.Debug|Any CPU.ActiveCfg = Debug|Any CPU
		{979962F1-3780-4F9C-8354-D63C8FE43AC2}.Debug|Any CPU.Build.0 = Debug|Any CPU
		{979962F1-3780-4F9C-8354-D63C8FE43AC2}.Release|Any CPU.ActiveCfg = Release|Any CPU
		{979962F1-3780-4F9C-8354-D63C8FE43AC2}.Release|Any CPU.Build.0 = Release|Any CPU
		{86D8C29E-FB74-485A-9BBC-660825C558DB}.Debug|Any CPU.ActiveCfg = Debug|Any CPU
		{86D8C29E-FB74-485A-9BBC-660825C558DB}.Debug|Any CPU.Build.0 = Debug|Any CPU
		{86D8C29E-FB74-485A-9BBC-660825C558DB}.Release|Any CPU.ActiveCfg = Release|Any CPU
		{86D8C29E-FB74-485A-9BBC-660825C558DB}.Release|Any CPU.Build.0 = Release|Any CPU
		{DD478FD9-0316-44DF-AA79-6202C6AD0E4D}.Debug|Any CPU.ActiveCfg = Debug|Any CPU
		{DD478FD9-0316-44DF-AA79-6202C6AD0E4D}.Debug|Any CPU.Build.0 = Debug|Any CPU
		{DD478FD9-0316-44DF-AA79-6202C6AD0E4D}.Release|Any CPU.ActiveCfg = Release|Any CPU
		{DD478FD9-0316-44DF-AA79-6202C6AD0E4D}.Release|Any CPU.Build.0 = Release|Any CPU
		{36E26A29-B5CC-469A-9731-A49DE3CE4490}.Debug|Any CPU.ActiveCfg = Debug|Any CPU
		{36E26A29-B5CC-469A-9731-A49DE3CE4490}.Debug|Any CPU.Build.0 = Debug|Any CPU
		{36E26A29-B5CC-469A-9731-A49DE3CE4490}.Release|Any CPU.ActiveCfg = Release|Any CPU
		{36E26A29-B5CC-469A-9731-A49DE3CE4490}.Release|Any CPU.Build.0 = Release|Any CPU
		{C44A7269-5E49-4FD4-8D92-83E7FFEB804C}.Debug|Any CPU.ActiveCfg = Debug|Any CPU
		{C44A7269-5E49-4FD4-8D92-83E7FFEB804C}.Debug|Any CPU.Build.0 = Debug|Any CPU
		{C44A7269-5E49-4FD4-8D92-83E7FFEB804C}.Release|Any CPU.ActiveCfg = Release|Any CPU
		{C44A7269-5E49-4FD4-8D92-83E7FFEB804C}.Release|Any CPU.Build.0 = Release|Any CPU
	EndGlobalSection
	GlobalSection(SolutionProperties) = preSolution
		HideSolutionNode = FALSE
	EndGlobalSection
	GlobalSection(NestedProjects) = preSolution
		{D83F0304-E82B-49A2-8428-0EB0C2EDD665} = {2BA96821-8D66-4F67-A8DB-81F9DFBF9735}
		{2524BA75-D454-4243-9620-0DF95FD24211} = {2BA96821-8D66-4F67-A8DB-81F9DFBF9735}
		{979962F1-3780-4F9C-8354-D63C8FE43AC2} = {28BFEFA3-304C-440B-8548-EC882EC9FC26}
		{86D8C29E-FB74-485A-9BBC-660825C558DB} = {2BA96821-8D66-4F67-A8DB-81F9DFBF9735}
		{DD478FD9-0316-44DF-AA79-6202C6AD0E4D} = {2BA96821-8D66-4F67-A8DB-81F9DFBF9735}
		{36E26A29-B5CC-469A-9731-A49DE3CE4490} = {2BA96821-8D66-4F67-A8DB-81F9DFBF9735}
		{C44A7269-5E49-4FD4-8D92-83E7FFEB804C} = {2BA96821-8D66-4F67-A8DB-81F9DFBF9735}
	EndGlobalSection
	GlobalSection(ExtensibilityGlobals) = postSolution
		SolutionGuid = {AD5B7A4D-7368-40DD-A88B-C89DD9091CA5}
	EndGlobalSection
EndGlobal
